
Microsoft Visual Studio Solution File, Format Version 12.00
# Visual Studio Version 16
VisualStudioVersion = 16.0.30804.86
MinimumVisualStudioVersion = 10.0.40219.1
Project("{FAE04EC0-301F-11D3-BF4B-00C04F79EFBC}") = "NewStuff", "NewStuff\NewStuff.csproj", "{D5BFB7E3-707F-4B0E-9779-33820FF74F15}"
EndProject
Global
	GlobalSection(SolutionConfigurationPlatforms) = preSolution
		Debug|Any CPU = Debug|Any CPU
		Release|Any CPU = Release|Any CPU
	EndGlobalSection
	GlobalSection(ProjectConfigurationPlatforms) = postSolution
		{D5BFB7E3-707F-4B0E-9779-33820FF74F15}.Debug|Any CPU.ActiveCfg = Debug|Any CPU
		{D5BFB7E3-707F-4B0E-9779-33820FF74F15}.Debug|Any CPU.Build.0 = Debug|Any CPU
		{D5BFB7E3-707F-4B0E-9779-33820FF74F15}.Release|Any CPU.ActiveCfg = Release|Any CPU
		{D5BFB7E3-707F-4B0E-9779-33820FF74F15}.Release|Any CPU.Build.0 = Release|Any CPU
	EndGlobalSection
	GlobalSection(SolutionProperties) = preSolution
		HideSolutionNode = FALSE
	EndGlobalSection
	GlobalSection(ExtensibilityGlobals) = postSolution
		SolutionGuid = {D4C8CDFA-FD1C-43BA-B8C3-2066627E10AE}
	EndGlobalSection
EndGlobal
